
Microsoft Visual Studio Solution File, Format Version 12.00
# Visual Studio Version 17
VisualStudioVersion = 17.4.33213.308
MinimumVisualStudioVersion = 10.0.40219.1
Project("{9A19103F-16F7-4668-BE54-9A1E7A4F7556}") = "PruebaMicroservicios", "PruebaMicroservicios\PruebaMicroservicios.csproj", "{8ABE4861-5F5C-4AEE-B312-A34C2480209B}"
EndProject
Project("{9A19103F-16F7-4668-BE54-9A1E7A4F7556}") = "PruebaMicroservicios.BE", "PruebaMicroservicios.BE\PruebaMicroservicios.BE.csproj", "{00FDB8E5-6B5E-471A-BE2D-FA7F20C23C29}"
EndProject
Project("{9A19103F-16F7-4668-BE54-9A1E7A4F7556}") = "PruebaMicroservicios.BL", "PruebaMicroservicios.BL\PruebaMicroservicios.BL.csproj", "{5FA310F7-2BC7-48AC-8E4A-52C7871F0B52}"
EndProject
Project("{9A19103F-16F7-4668-BE54-9A1E7A4F7556}") = "PruebaMicroservicios.DAL", "PruebaMicroservicios.DAL\PruebaMicroservicios.DAL.csproj", "{33030562-143D-484A-8A04-F053AA9EB1F6}"
EndProject
Global
	GlobalSection(SolutionConfigurationPlatforms) = preSolution
		Debug|Any CPU = Debug|Any CPU
		Release|Any CPU = Release|Any CPU
	EndGlobalSection
	GlobalSection(ProjectConfigurationPlatforms) = postSolution
		{8ABE4861-5F5C-4AEE-B312-A34C2480209B}.Debug|Any CPU.ActiveCfg = Debug|Any CPU
		{8ABE4861-5F5C-4AEE-B312-A34C2480209B}.Debug|Any CPU.Build.0 = Debug|Any CPU
		{8ABE4861-5F5C-4AEE-B312-A34C2480209B}.Release|Any CPU.ActiveCfg = Release|Any CPU
		{8ABE4861-5F5C-4AEE-B312-A34C2480209B}.Release|Any CPU.Build.0 = Release|Any CPU
		{00FDB8E5-6B5E-471A-BE2D-FA7F20C23C29}.Debug|Any CPU.ActiveCfg = Debug|Any CPU
		{00FDB8E5-6B5E-471A-BE2D-FA7F20C23C29}.Debug|Any CPU.Build.0 = Debug|Any CPU
		{00FDB8E5-6B5E-471A-BE2D-FA7F20C23C29}.Release|Any CPU.ActiveCfg = Release|Any CPU
		{00FDB8E5-6B5E-471A-BE2D-FA7F20C23C29}.Release|Any CPU.Build.0 = Release|Any CPU
		{5FA310F7-2BC7-48AC-8E4A-52C7871F0B52}.Debug|Any CPU.ActiveCfg = Debug|Any CPU
		{5FA310F7-2BC7-48AC-8E4A-52C7871F0B52}.Debug|Any CPU.Build.0 = Debug|Any CPU
		{5FA310F7-2BC7-48AC-8E4A-52C7871F0B52}.Release|Any CPU.ActiveCfg = Release|Any CPU
		{5FA310F7-2BC7-48AC-8E4A-52C7871F0B52}.Release|Any CPU.Build.0 = Release|Any CPU
		{33030562-143D-484A-8A04-F053AA9EB1F6}.Debug|Any CPU.ActiveCfg = Debug|Any CPU
		{33030562-143D-484A-8A04-F053AA9EB1F6}.Debug|Any CPU.Build.0 = Debug|Any CPU
		{33030562-143D-484A-8A04-F053AA9EB1F6}.Release|Any CPU.ActiveCfg = Release|Any CPU
		{33030562-143D-484A-8A04-F053AA9EB1F6}.Release|Any CPU.Build.0 = Release|Any CPU
	EndGlobalSection
	GlobalSection(SolutionProperties) = preSolution
		HideSolutionNode = FALSE
	EndGlobalSection
	GlobalSection(ExtensibilityGlobals) = postSolution
		SolutionGuid = {9DFAB2D0-B569-472E-B788-395DB7CFF7F8}
	EndGlobalSection
EndGlobal
